
Microsoft Visual Studio Solution File, Format Version 12.00
# Visual Studio Version 17
VisualStudioVersion = 17.4.33110.190
MinimumVisualStudioVersion = 10.0.40219.1
Project("{FAE04EC0-301F-11D3-BF4B-00C04F79EFBC}") = "FMEQVW_Roulette", "FMEQVW_Roulette\FMEQVW_Roulette.csproj", "{BD526F78-FE42-4484-A09E-C5E66E04A4B6}"
EndProject
Global
	GlobalSection(SolutionConfigurationPlatforms) = preSolution
		Debug|Any CPU = Debug|Any CPU
		Release|Any CPU = Release|Any CPU
	EndGlobalSection
	GlobalSection(ProjectConfigurationPlatforms) = postSolution
		{BD526F78-FE42-4484-A09E-C5E66E04A4B6}.Debug|Any CPU.ActiveCfg = Debug|Any CPU
		{BD526F78-FE42-4484-A09E-C5E66E04A4B6}.Debug|Any CPU.Build.0 = Debug|Any CPU
		{BD526F78-FE42-4484-A09E-C5E66E04A4B6}.Release|Any CPU.ActiveCfg = Release|Any CPU
		{BD526F78-FE42-4484-A09E-C5E66E04A4B6}.Release|Any CPU.Build.0 = Release|Any CPU
	EndGlobalSection
	GlobalSection(SolutionProperties) = preSolution
		HideSolutionNode = FALSE
	EndGlobalSection
	GlobalSection(ExtensibilityGlobals) = postSolution
		SolutionGuid = {EAC2F929-1347-4F2B-82DA-277B9CD35625}
	EndGlobalSection
EndGlobal
