
Microsoft Visual Studio Solution File, Format Version 12.00
# Visual Studio Version 17
VisualStudioVersion = 17.0.31903.59
MinimumVisualStudioVersion = 10.0.40219.1
Project("{9A19103F-16F7-4668-BE54-9A1E7A4F7556}") = "E22EDJ", "E22EDJ\E22EDJ\E22EDJ.csproj", "{176DC10C-CA5C-4598-807F-6117C225B58B}"
EndProject
Project("{9A19103F-16F7-4668-BE54-9A1E7A4F7556}") = "E22EDJTests", "E22EDJ\E22EDJTests\E22EDJTests.csproj", "{0A95F526-C3BC-41D0-A333-3C5BE2A8A028}"
EndProject
Global
	GlobalSection(SolutionConfigurationPlatforms) = preSolution
		Debug|Any CPU = Debug|Any CPU
		Release|Any CPU = Release|Any CPU
	EndGlobalSection
	GlobalSection(ProjectConfigurationPlatforms) = postSolution
		{176DC10C-CA5C-4598-807F-6117C225B58B}.Debug|Any CPU.ActiveCfg = Debug|Any CPU
		{176DC10C-CA5C-4598-807F-6117C225B58B}.Debug|Any CPU.Build.0 = Debug|Any CPU
		{176DC10C-CA5C-4598-807F-6117C225B58B}.Release|Any CPU.ActiveCfg = Release|Any CPU
		{176DC10C-CA5C-4598-807F-6117C225B58B}.Release|Any CPU.Build.0 = Release|Any CPU
		{0A95F526-C3BC-41D0-A333-3C5BE2A8A028}.Debug|Any CPU.ActiveCfg = Debug|Any CPU
		{0A95F526-C3BC-41D0-A333-3C5BE2A8A028}.Debug|Any CPU.Build.0 = Debug|Any CPU
		{0A95F526-C3BC-41D0-A333-3C5BE2A8A028}.Release|Any CPU.ActiveCfg = Release|Any CPU
		{0A95F526-C3BC-41D0-A333-3C5BE2A8A028}.Release|Any CPU.Build.0 = Release|Any CPU
	EndGlobalSection
	GlobalSection(SolutionProperties) = preSolution
		HideSolutionNode = FALSE
	EndGlobalSection
	GlobalSection(ExtensibilityGlobals) = postSolution
		SolutionGuid = {E5803724-B2D3-45FD-9019-2444F86A988A}
	EndGlobalSection
EndGlobal
