
Microsoft Visual Studio Solution File, Format Version 12.00
# Visual Studio Version 17
VisualStudioVersion = 17.0.31903.59
MinimumVisualStudioVersion = 10.0.40219.1
Project("{9A19103F-16F7-4668-BE54-9A1E7A4F7556}") = "SpectreTodo", "W8G05A\BallerTodo\SpectreTodo.csproj", "{58935C10-72AF-4AA7-B27F-978C76C06C1E}"
EndProject
Project("{9A19103F-16F7-4668-BE54-9A1E7A4F7556}") = "TUITodo", "W8G05A\TUITodo\TUITodo.csproj", "{5239D912-9C17-49FB-AE17-46D09AF520CD}"
EndProject
Global
	GlobalSection(SolutionConfigurationPlatforms) = preSolution
		Debug|Any CPU = Debug|Any CPU
		Release|Any CPU = Release|Any CPU
	EndGlobalSection
	GlobalSection(ProjectConfigurationPlatforms) = postSolution
		{58935C10-72AF-4AA7-B27F-978C76C06C1E}.Debug|Any CPU.ActiveCfg = Debug|Any CPU
		{58935C10-72AF-4AA7-B27F-978C76C06C1E}.Debug|Any CPU.Build.0 = Debug|Any CPU
		{58935C10-72AF-4AA7-B27F-978C76C06C1E}.Release|Any CPU.ActiveCfg = Release|Any CPU
		{58935C10-72AF-4AA7-B27F-978C76C06C1E}.Release|Any CPU.Build.0 = Release|Any CPU
		{5239D912-9C17-49FB-AE17-46D09AF520CD}.Debug|Any CPU.ActiveCfg = Debug|Any CPU
		{5239D912-9C17-49FB-AE17-46D09AF520CD}.Debug|Any CPU.Build.0 = Debug|Any CPU
		{5239D912-9C17-49FB-AE17-46D09AF520CD}.Release|Any CPU.ActiveCfg = Release|Any CPU
		{5239D912-9C17-49FB-AE17-46D09AF520CD}.Release|Any CPU.Build.0 = Release|Any CPU
	EndGlobalSection
	GlobalSection(SolutionProperties) = preSolution
		HideSolutionNode = FALSE
	EndGlobalSection
	GlobalSection(ExtensibilityGlobals) = postSolution
		SolutionGuid = {7AC426C4-1B27-4610-87BB-F2200C776468}
	EndGlobalSection
EndGlobal
